
Microsoft Visual Studio Solution File, Format Version 12.00
# Visual Studio Version 16
VisualStudioVersion = 16.0.31727.386
MinimumVisualStudioVersion = 10.0.40219.1
Project("{FAE04EC0-301F-11D3-BF4B-00C04F79EFBC}") = "PuttySite", "PuttySite\PuttySite.csproj", "{4CDB0895-7A1C-41B8-B8A8-0EF94F192095}"
EndProject
Global
	GlobalSection(SolutionConfigurationPlatforms) = preSolution
		Debug|Any CPU = Debug|Any CPU
		Release|Any CPU = Release|Any CPU
	EndGlobalSection
	GlobalSection(ProjectConfigurationPlatforms) = postSolution
		{4CDB0895-7A1C-41B8-B8A8-0EF94F192095}.Debug|Any CPU.ActiveCfg = Debug|Any CPU
		{4CDB0895-7A1C-41B8-B8A8-0EF94F192095}.Debug|Any CPU.Build.0 = Debug|Any CPU
		{4CDB0895-7A1C-41B8-B8A8-0EF94F192095}.Release|Any CPU.ActiveCfg = Release|Any CPU
		{4CDB0895-7A1C-41B8-B8A8-0EF94F192095}.Release|Any CPU.Build.0 = Release|Any CPU
	EndGlobalSection
	GlobalSection(SolutionProperties) = preSolution
		HideSolutionNode = FALSE
	EndGlobalSection
	GlobalSection(ExtensibilityGlobals) = postSolution
		SolutionGuid = {BF79980F-5777-40A5-A73D-0D80A107CD76}
	EndGlobalSection
EndGlobal
